
Microsoft Visual Studio Solution File, Format Version 12.00
# Visual Studio Version 17
VisualStudioVersion = 17.8.34525.116
MinimumVisualStudioVersion = 10.0.40219.1
Project("{9A19103F-16F7-4668-BE54-9A1E7A4F7556}") = "ScreenShotSpy", "Virus\ScreenShotSpy.csproj", "{2D9C55AB-35B6-485A-ABAB-EC2C464CDC21}"
EndProject
Global
	GlobalSection(SolutionConfigurationPlatforms) = preSolution
		Debug|Any CPU = Debug|Any CPU
		Release|Any CPU = Release|Any CPU
	EndGlobalSection
	GlobalSection(ProjectConfigurationPlatforms) = postSolution
		{2D9C55AB-35B6-485A-ABAB-EC2C464CDC21}.Debug|Any CPU.ActiveCfg = Debug|Any CPU
		{2D9C55AB-35B6-485A-ABAB-EC2C464CDC21}.Debug|Any CPU.Build.0 = Debug|Any CPU
		{2D9C55AB-35B6-485A-ABAB-EC2C464CDC21}.Release|Any CPU.ActiveCfg = Release|Any CPU
		{2D9C55AB-35B6-485A-ABAB-EC2C464CDC21}.Release|Any CPU.Build.0 = Release|Any CPU
	EndGlobalSection
	GlobalSection(SolutionProperties) = preSolution
		HideSolutionNode = FALSE
	EndGlobalSection
	GlobalSection(ExtensibilityGlobals) = postSolution
		SolutionGuid = {493ACE17-BBD7-432B-8B2A-C8516F6397C9}
	EndGlobalSection
EndGlobal
